
Microsoft Visual Studio Solution File, Format Version 12.00
# Visual Studio 14
VisualStudioVersion = 14.0.25420.1
MinimumVisualStudioVersion = 10.0.40219.1
Project("{FAE04EC0-301F-11D3-BF4B-00C04F79EFBC}") = "MagicEightBallServiceClient", "MagicEightBallServiceClient\MagicEightBallServiceClient.csproj", "{14CA8912-A720-4C90-951E-73097428159B}"
EndProject
Global
	GlobalSection(SolutionConfigurationPlatforms) = preSolution
		Debug|Any CPU = Debug|Any CPU
		Release|Any CPU = Release|Any CPU
	EndGlobalSection
	GlobalSection(ProjectConfigurationPlatforms) = postSolution
		{14CA8912-A720-4C90-951E-73097428159B}.Debug|Any CPU.ActiveCfg = Debug|Any CPU
		{14CA8912-A720-4C90-951E-73097428159B}.Debug|Any CPU.Build.0 = Debug|Any CPU
		{14CA8912-A720-4C90-951E-73097428159B}.Release|Any CPU.ActiveCfg = Release|Any CPU
		{14CA8912-A720-4C90-951E-73097428159B}.Release|Any CPU.Build.0 = Release|Any CPU
	EndGlobalSection
	GlobalSection(SolutionProperties) = preSolution
		HideSolutionNode = FALSE
	EndGlobalSection
EndGlobal
